
Microsoft Visual Studio Solution File, Format Version 12.00
# Visual Studio Version 17
VisualStudioVersion = 17.12.35728.132
MinimumVisualStudioVersion = 10.0.40219.1
Project("{FAE04EC0-301F-11D3-BF4B-00C04F79EFBC}") = "Bulihub_Backend.Tests", "Bulihub_Backend.Tests\Bulihub_Backend.Tests.csproj", "{ADE90100-B49F-42C3-9F30-3EED18EB1D4D}"
EndProject
Project("{FAE04EC0-301F-11D3-BF4B-00C04F79EFBC}") = "Bulihub_Backend", "..\Bulihub_Backend\Bulihub_Backend.csproj", "{7FC8CC26-3D42-4360-9B98-C17AD48B7740}"
EndProject
Global
	GlobalSection(SolutionConfigurationPlatforms) = preSolution
		Debug|Any CPU = Debug|Any CPU
		Release|Any CPU = Release|Any CPU
	EndGlobalSection
	GlobalSection(ProjectConfigurationPlatforms) = postSolution
		{ADE90100-B49F-42C3-9F30-3EED18EB1D4D}.Debug|Any CPU.ActiveCfg = Debug|Any CPU
		{ADE90100-B49F-42C3-9F30-3EED18EB1D4D}.Debug|Any CPU.Build.0 = Debug|Any CPU
		{ADE90100-B49F-42C3-9F30-3EED18EB1D4D}.Release|Any CPU.ActiveCfg = Release|Any CPU
		{ADE90100-B49F-42C3-9F30-3EED18EB1D4D}.Release|Any CPU.Build.0 = Release|Any CPU
		{7FC8CC26-3D42-4360-9B98-C17AD48B7740}.Debug|Any CPU.ActiveCfg = Debug|Any CPU
		{7FC8CC26-3D42-4360-9B98-C17AD48B7740}.Debug|Any CPU.Build.0 = Debug|Any CPU
		{7FC8CC26-3D42-4360-9B98-C17AD48B7740}.Release|Any CPU.ActiveCfg = Release|Any CPU
		{7FC8CC26-3D42-4360-9B98-C17AD48B7740}.Release|Any CPU.Build.0 = Release|Any CPU
	EndGlobalSection
	GlobalSection(SolutionProperties) = preSolution
		HideSolutionNode = FALSE
	EndGlobalSection
EndGlobal
